// !$*UTF8*$!
{
	archiveVersion = 1;
	classes = {
	};
	objectVersion = 55;
	objects = {

/* Begin PBXBuildFile section */
		B40C5A4D28226A660061E512 /* LoginInterfaces.swift in Sources */ = {isa = PBXBuildFile; fileRef = B40C5A4828226A660061E512 /* LoginInterfaces.swift */; };
		B40C5A4E28226A660061E512 /* LoginPresenter.swift in Sources */ = {isa = PBXBuildFile; fileRef = B40C5A4928226A660061E512 /* LoginPresenter.swift */; };
		B40C5A4F28226A660061E512 /* LoginViewController.swift in Sources */ = {isa = PBXBuildFile; fileRef = B40C5A4A28226A660061E512 /* LoginViewController.swift */; };
		B40C5A5028226A660061E512 /* LoginInteractor.swift in Sources */ = {isa = PBXBuildFile; fileRef = B40C5A4B28226A660061E512 /* LoginInteractor.swift */; };
		B40C5A5128226A660061E512 /* LoginWireframe.swift in Sources */ = {isa = PBXBuildFile; fileRef = B40C5A4C28226A660061E512 /* LoginWireframe.swift */; };
		B40C5A5428226B850061E512 /* RxCocoa in Frameworks */ = {isa = PBXBuildFile; productRef = B40C5A5328226B850061E512 /* RxCocoa */; };
		B40C5A5628226B850061E512 /* RxRelay in Frameworks */ = {isa = PBXBuildFile; productRef = B40C5A5528226B850061E512 /* RxRelay */; };
		B40C5A5828226B850061E512 /* RxSwift in Frameworks */ = {isa = PBXBuildFile; productRef = B40C5A5728226B850061E512 /* RxSwift */; };
		B40C5A5A28226C7A0061E512 /* BaseWireframe.swift in Sources */ = {isa = PBXBuildFile; fileRef = B40C5A5928226C7A0061E512 /* BaseWireframe.swift */; };
		B40C5A5C28226CDA0061E512 /* ViewInterface.swift in Sources */ = {isa = PBXBuildFile; fileRef = B40C5A5B28226CDA0061E512 /* ViewInterface.swift */; };
		B40C5A5E28226D200061E512 /* PresenterInterface.swift in Sources */ = {isa = PBXBuildFile; fileRef = B40C5A5D28226D200061E512 /* PresenterInterface.swift */; };
		B40C5A6028226D2C0061E512 /* InteractorInterface.swift in Sources */ = {isa = PBXBuildFile; fileRef = B40C5A5F28226D2C0061E512 /* InteractorInterface.swift */; };
		B40C5A6428228DF00061E512 /* LoginView.swift in Sources */ = {isa = PBXBuildFile; fileRef = B40C5A6328228DF00061E512 /* LoginView.swift */; };
		B40C5A67282291FB0061E512 /* UIView+Constraints.swift in Sources */ = {isa = PBXBuildFile; fileRef = B40C5A65282291FB0061E512 /* UIView+Constraints.swift */; };
		B40C5A68282291FB0061E512 /* UIView+Corners.swift in Sources */ = {isa = PBXBuildFile; fileRef = B40C5A66282291FB0061E512 /* UIView+Corners.swift */; };
		B40C5A6A282294870061E512 /* CustomView.swift in Sources */ = {isa = PBXBuildFile; fileRef = B40C5A69282294870061E512 /* CustomView.swift */; };
		B40C5A78282296470061E512 /* UIImage+Extensions.swift in Sources */ = {isa = PBXBuildFile; fileRef = B40C5A77282296470061E512 /* UIImage+Extensions.swift */; };
		B40C5A7B2822965A0061E512 /* BundleImage.swift in Sources */ = {isa = PBXBuildFile; fileRef = B40C5A7A2822965A0061E512 /* BundleImage.swift */; };
		B40C5A7D28229ACD0061E512 /* UIEdgeInsets+Extensions.swift in Sources */ = {isa = PBXBuildFile; fileRef = B40C5A7C28229ACD0061E512 /* UIEdgeInsets+Extensions.swift */; };
		B40C5A8A2822CA9F0061E512 /* UIStackView+Extensions.swift in Sources */ = {isa = PBXBuildFile; fileRef = B40C5A892822CA9F0061E512 /* UIStackView+Extensions.swift */; };
		B40C5A8C2822CB540061E512 /* DividerView.swift in Sources */ = {isa = PBXBuildFile; fileRef = B40C5A8B2822CB540061E512 /* DividerView.swift */; };
		B40C5A8E2822CFA60061E512 /* InsetedTextField.swift in Sources */ = {isa = PBXBuildFile; fileRef = B40C5A8D2822CFA60061E512 /* InsetedTextField.swift */; };
		B40C5A922822DB570061E512 /* UIColor+Extensions.swift in Sources */ = {isa = PBXBuildFile; fileRef = B40C5A912822DB570061E512 /* UIColor+Extensions.swift */; };
		B4562BBA2823BA9300BDD33E /* BaseButton.swift in Sources */ = {isa = PBXBuildFile; fileRef = B4562BB92823BA9300BDD33E /* BaseButton.swift */; };
		B4638BFA2832585E003D00C0 /* AuthInterceptor.swift in Sources */ = {isa = PBXBuildFile; fileRef = B4638BF92832585E003D00C0 /* AuthInterceptor.swift */; };
		B4638BFC283259B3003D00C0 /* RequestInterceptorProtocol.swift in Sources */ = {isa = PBXBuildFile; fileRef = B4638BFB283259B3003D00C0 /* RequestInterceptorProtocol.swift */; };
		B4AF9E18282520520042BA4F /* MemberModel.swift in Sources */ = {isa = PBXBuildFile; fileRef = B4AF9E17282520520042BA4F /* MemberModel.swift */; };
		B4AF9E1B2825216C0042BA4F /* ApiClientProtocol.swift in Sources */ = {isa = PBXBuildFile; fileRef = B4AF9E192825216C0042BA4F /* ApiClientProtocol.swift */; };
		B4AF9E1C2825216C0042BA4F /* BaseApiClient.swift in Sources */ = {isa = PBXBuildFile; fileRef = B4AF9E1A2825216C0042BA4F /* BaseApiClient.swift */; };
		B4AF9E222825219D0042BA4F /* HttpMethod.swift in Sources */ = {isa = PBXBuildFile; fileRef = B4AF9E1F2825219D0042BA4F /* HttpMethod.swift */; };
		B4AF9E232825219D0042BA4F /* HttpStatusCode.swift in Sources */ = {isa = PBXBuildFile; fileRef = B4AF9E202825219D0042BA4F /* HttpStatusCode.swift */; };
		B4AF9E242825219D0042BA4F /* ApiError.swift in Sources */ = {isa = PBXBuildFile; fileRef = B4AF9E212825219D0042BA4F /* ApiError.swift */; };
		B4AF9EBA282525590042BA4F /* UserService.swift in Sources */ = {isa = PBXBuildFile; fileRef = B4AF9EB9282525590042BA4F /* UserService.swift */; };
		B4AF9EBD28252DDF0042BA4F /* Constants.swift in Sources */ = {isa = PBXBuildFile; fileRef = B4AF9EBC28252DDF0042BA4F /* Constants.swift */; };
		B4AF9EC428254BC10042BA4F /* TransientView.swift in Sources */ = {isa = PBXBuildFile; fileRef = B4AF9EC128254BC10042BA4F /* TransientView.swift */; };
		B4AF9EC628254BC10042BA4F /* SpinnerView.swift in Sources */ = {isa = PBXBuildFile; fileRef = B4AF9EC328254BC10042BA4F /* SpinnerView.swift */; };
		B4C185BD282BF13100787006 /* ShowCard.swift in Sources */ = {isa = PBXBuildFile; fileRef = B4C185BC282BF13100787006 /* ShowCard.swift */; };
		B4C185BF282BF4F900787006 /* ShowModel.swift in Sources */ = {isa = PBXBuildFile; fileRef = B4C185BE282BF4F900787006 /* ShowModel.swift */; };
		B4C185C5282BF6A900787006 /* Kingfisher in Frameworks */ = {isa = PBXBuildFile; productRef = B4C185C4282BF6A900787006 /* Kingfisher */; };
		B4C185C8282BF75A00787006 /* ImageView.swift in Sources */ = {isa = PBXBuildFile; fileRef = B4C185C7282BF75900787006 /* ImageView.swift */; };
		B4C185CA282BF89100787006 /* Image+Extension.swift in Sources */ = {isa = PBXBuildFile; fileRef = B4C185C9282BF89100787006 /* Image+Extension.swift */; };
		B4C185CC282C05FF00787006 /* ShowList.swift in Sources */ = {isa = PBXBuildFile; fileRef = B4C185CB282C05FF00787006 /* ShowList.swift */; };
		B4C185CE282E50CF00787006 /* ShowsView.swift in Sources */ = {isa = PBXBuildFile; fileRef = B4C185CD282E50CF00787006 /* ShowsView.swift */; };
		B4C185D1282E516100787006 /* ShowsViewModel.swift in Sources */ = {isa = PBXBuildFile; fileRef = B4C185D0282E516100787006 /* ShowsViewModel.swift */; };
		B4C185D3282E67AA00787006 /* ShowService.swift in Sources */ = {isa = PBXBuildFile; fileRef = B4C185D2282E67AA00787006 /* ShowService.swift */; };
		B4C185E5282E692E00787006 /* ApiClientProtocolCombine.swift in Sources */ = {isa = PBXBuildFile; fileRef = B4C185E3282E692E00787006 /* ApiClientProtocolCombine.swift */; };
		B4C185E6282E692E00787006 /* BaseApiClientCombine.swift in Sources */ = {isa = PBXBuildFile; fileRef = B4C185E4282E692E00787006 /* BaseApiClientCombine.swift */; };
		B4C185E8282E695200787006 /* SimpleApiClient.swift in Sources */ = {isa = PBXBuildFile; fileRef = B4C185E7282E695100787006 /* SimpleApiClient.swift */; };
		B4C185ED282E6A4300787006 /* Publisher+Extensions.swift in Sources */ = {isa = PBXBuildFile; fileRef = B4C185EA282E6A4300787006 /* Publisher+Extensions.swift */; };
		B4C185EE282E6A4300787006 /* SingleCombine.swift in Sources */ = {isa = PBXBuildFile; fileRef = B4C185EB282E6A4300787006 /* SingleCombine.swift */; };
		B4C185EF282E6A4300787006 /* CompletableCombine.swift in Sources */ = {isa = PBXBuildFile; fileRef = B4C185EC282E6A4300787006 /* CompletableCombine.swift */; };
		B4D4773428215428001616C4 /* AppDelegate.swift in Sources */ = {isa = PBXBuildFile; fileRef = B4D4773328215428001616C4 /* AppDelegate.swift */; };
		B4D4773D2821542A001616C4 /* Assets.xcassets in Resources */ = {isa = PBXBuildFile; fileRef = B4D4773C2821542A001616C4 /* Assets.xcassets */; };
		B4D477402821542A001616C4 /* LaunchScreen.storyboard in Resources */ = {isa = PBXBuildFile; fileRef = B4D4773E2821542A001616C4 /* LaunchScreen.storyboard */; };
		B4FD09E2282AB21800E7E2AA /* Progressable.swift in Sources */ = {isa = PBXBuildFile; fileRef = B4FD09E1282AB21800E7E2AA /* Progressable.swift */; };
		B4FD09F0282AB50D00E7E2AA /* BaseWireframe+Progressable.swift in Sources */ = {isa = PBXBuildFile; fileRef = B4FD09EF282AB50D00E7E2AA /* BaseWireframe+Progressable.swift */; };
		B4FD09F6282ABE0900E7E2AA /* Single+Progressable.swift in Sources */ = {isa = PBXBuildFile; fileRef = B4FD09F5282ABE0900E7E2AA /* Single+Progressable.swift */; };
/* End PBXBuildFile section */

/* Begin PBXFileReference section */
		B40C5A4828226A660061E512 /* LoginInterfaces.swift */ = {isa = PBXFileReference; lastKnownFileType = sourcecode.swift; path = LoginInterfaces.swift; sourceTree = "<group>"; };
		B40C5A4928226A660061E512 /* LoginPresenter.swift */ = {isa = PBXFileReference; lastKnownFileType = sourcecode.swift; path = LoginPresenter.swift; sourceTree = "<group>"; };
		B40C5A4A28226A660061E512 /* LoginViewController.swift */ = {isa = PBXFileReference; lastKnownFileType = sourcecode.swift; path = LoginViewController.swift; sourceTree = "<group>"; };
		B40C5A4B28226A660061E512 /* LoginInteractor.swift */ = {isa = PBXFileReference; lastKnownFileType = sourcecode.swift; path = LoginInteractor.swift; sourceTree = "<group>"; };
		B40C5A4C28226A660061E512 /* LoginWireframe.swift */ = {isa = PBXFileReference; lastKnownFileType = sourcecode.swift; path = LoginWireframe.swift; sourceTree = "<group>"; };
		B40C5A5928226C7A0061E512 /* BaseWireframe.swift */ = {isa = PBXFileReference; lastKnownFileType = sourcecode.swift; path = BaseWireframe.swift; sourceTree = "<group>"; };
		B40C5A5B28226CDA0061E512 /* ViewInterface.swift */ = {isa = PBXFileReference; lastKnownFileType = sourcecode.swift; path = ViewInterface.swift; sourceTree = "<group>"; };
		B40C5A5D28226D200061E512 /* PresenterInterface.swift */ = {isa = PBXFileReference; lastKnownFileType = sourcecode.swift; path = PresenterInterface.swift; sourceTree = "<group>"; };
		B40C5A5F28226D2C0061E512 /* InteractorInterface.swift */ = {isa = PBXFileReference; lastKnownFileType = sourcecode.swift; path = InteractorInterface.swift; sourceTree = "<group>"; };
		B40C5A6328228DF00061E512 /* LoginView.swift */ = {isa = PBXFileReference; lastKnownFileType = sourcecode.swift; path = LoginView.swift; sourceTree = "<group>"; };
		B40C5A65282291FB0061E512 /* UIView+Constraints.swift */ = {isa = PBXFileReference; fileEncoding = 4; lastKnownFileType = sourcecode.swift; path = "UIView+Constraints.swift"; sourceTree = "<group>"; };
		B40C5A66282291FB0061E512 /* UIView+Corners.swift */ = {isa = PBXFileReference; fileEncoding = 4; lastKnownFileType = sourcecode.swift; path = "UIView+Corners.swift"; sourceTree = "<group>"; };
		B40C5A69282294870061E512 /* CustomView.swift */ = {isa = PBXFileReference; fileEncoding = 4; lastKnownFileType = sourcecode.swift; path = CustomView.swift; sourceTree = "<group>"; };
		B40C5A77282296470061E512 /* UIImage+Extensions.swift */ = {isa = PBXFileReference; fileEncoding = 4; lastKnownFileType = sourcecode.swift; path = "UIImage+Extensions.swift"; sourceTree = "<group>"; };
		B40C5A7A2822965A0061E512 /* BundleImage.swift */ = {isa = PBXFileReference; fileEncoding = 4; lastKnownFileType = sourcecode.swift; path = BundleImage.swift; sourceTree = "<group>"; };
		B40C5A7C28229ACD0061E512 /* UIEdgeInsets+Extensions.swift */ = {isa = PBXFileReference; fileEncoding = 4; lastKnownFileType = sourcecode.swift; path = "UIEdgeInsets+Extensions.swift"; sourceTree = "<group>"; };
		B40C5A892822CA9F0061E512 /* UIStackView+Extensions.swift */ = {isa = PBXFileReference; fileEncoding = 4; lastKnownFileType = sourcecode.swift; path = "UIStackView+Extensions.swift"; sourceTree = "<group>"; };
		B40C5A8B2822CB540061E512 /* DividerView.swift */ = {isa = PBXFileReference; fileEncoding = 4; lastKnownFileType = sourcecode.swift; path = DividerView.swift; sourceTree = "<group>"; };
		B40C5A8D2822CFA60061E512 /* InsetedTextField.swift */ = {isa = PBXFileReference; lastKnownFileType = sourcecode.swift; path = InsetedTextField.swift; sourceTree = "<group>"; };
		B40C5A912822DB570061E512 /* UIColor+Extensions.swift */ = {isa = PBXFileReference; fileEncoding = 4; lastKnownFileType = sourcecode.swift; path = "UIColor+Extensions.swift"; sourceTree = "<group>"; };
		B4562BB92823BA9300BDD33E /* BaseButton.swift */ = {isa = PBXFileReference; fileEncoding = 4; lastKnownFileType = sourcecode.swift; path = BaseButton.swift; sourceTree = "<group>"; };
		B4638BF92832585E003D00C0 /* AuthInterceptor.swift */ = {isa = PBXFileReference; fileEncoding = 4; lastKnownFileType = sourcecode.swift; path = AuthInterceptor.swift; sourceTree = "<group>"; };
		B4638BFB283259B3003D00C0 /* RequestInterceptorProtocol.swift */ = {isa = PBXFileReference; lastKnownFileType = sourcecode.swift; path = RequestInterceptorProtocol.swift; sourceTree = "<group>"; };
		B4AF9E17282520520042BA4F /* MemberModel.swift */ = {isa = PBXFileReference; lastKnownFileType = sourcecode.swift; path = MemberModel.swift; sourceTree = "<group>"; };
		B4AF9E192825216C0042BA4F /* ApiClientProtocol.swift */ = {isa = PBXFileReference; fileEncoding = 4; lastKnownFileType = sourcecode.swift; path = ApiClientProtocol.swift; sourceTree = "<group>"; };
		B4AF9E1A2825216C0042BA4F /* BaseApiClient.swift */ = {isa = PBXFileReference; fileEncoding = 4; lastKnownFileType = sourcecode.swift; path = BaseApiClient.swift; sourceTree = "<group>"; };
		B4AF9E1F2825219D0042BA4F /* HttpMethod.swift */ = {isa = PBXFileReference; fileEncoding = 4; lastKnownFileType = sourcecode.swift; path = HttpMethod.swift; sourceTree = "<group>"; };
		B4AF9E202825219D0042BA4F /* HttpStatusCode.swift */ = {isa = PBXFileReference; fileEncoding = 4; lastKnownFileType = sourcecode.swift; path = HttpStatusCode.swift; sourceTree = "<group>"; };
		B4AF9E212825219D0042BA4F /* ApiError.swift */ = {isa = PBXFileReference; fileEncoding = 4; lastKnownFileType = sourcecode.swift; path = ApiError.swift; sourceTree = "<group>"; };
		B4AF9EB9282525590042BA4F /* UserService.swift */ = {isa = PBXFileReference; lastKnownFileType = sourcecode.swift; path = UserService.swift; sourceTree = "<group>"; };
		B4AF9EBC28252DDF0042BA4F /* Constants.swift */ = {isa = PBXFileReference; lastKnownFileType = sourcecode.swift; path = Constants.swift; sourceTree = "<group>"; };
		B4AF9EC128254BC10042BA4F /* TransientView.swift */ = {isa = PBXFileReference; fileEncoding = 4; lastKnownFileType = sourcecode.swift; path = TransientView.swift; sourceTree = "<group>"; };
		B4AF9EC328254BC10042BA4F /* SpinnerView.swift */ = {isa = PBXFileReference; fileEncoding = 4; lastKnownFileType = sourcecode.swift; path = SpinnerView.swift; sourceTree = "<group>"; };
		B4C185BC282BF13100787006 /* ShowCard.swift */ = {isa = PBXFileReference; lastKnownFileType = sourcecode.swift; path = ShowCard.swift; sourceTree = "<group>"; };
		B4C185BE282BF4F900787006 /* ShowModel.swift */ = {isa = PBXFileReference; lastKnownFileType = sourcecode.swift; path = ShowModel.swift; sourceTree = "<group>"; };
		B4C185C7282BF75900787006 /* ImageView.swift */ = {isa = PBXFileReference; lastKnownFileType = sourcecode.swift; path = ImageView.swift; sourceTree = "<group>"; };
		B4C185C9282BF89100787006 /* Image+Extension.swift */ = {isa = PBXFileReference; lastKnownFileType = sourcecode.swift; path = "Image+Extension.swift"; sourceTree = "<group>"; };
		B4C185CB282C05FF00787006 /* ShowList.swift */ = {isa = PBXFileReference; lastKnownFileType = sourcecode.swift; path = ShowList.swift; sourceTree = "<group>"; };
		B4C185CD282E50CF00787006 /* ShowsView.swift */ = {isa = PBXFileReference; lastKnownFileType = sourcecode.swift; path = ShowsView.swift; sourceTree = "<group>"; };
		B4C185D0282E516100787006 /* ShowsViewModel.swift */ = {isa = PBXFileReference; lastKnownFileType = sourcecode.swift; path = ShowsViewModel.swift; sourceTree = "<group>"; };
		B4C185D2282E67AA00787006 /* ShowService.swift */ = {isa = PBXFileReference; lastKnownFileType = sourcecode.swift; path = ShowService.swift; sourceTree = "<group>"; };
		B4C185E3282E692E00787006 /* ApiClientProtocolCombine.swift */ = {isa = PBXFileReference; fileEncoding = 4; lastKnownFileType = sourcecode.swift; path = ApiClientProtocolCombine.swift; sourceTree = "<group>"; };
		B4C185E4282E692E00787006 /* BaseApiClientCombine.swift */ = {isa = PBXFileReference; fileEncoding = 4; lastKnownFileType = sourcecode.swift; path = BaseApiClientCombine.swift; sourceTree = "<group>"; };
		B4C185E7282E695100787006 /* SimpleApiClient.swift */ = {isa = PBXFileReference; fileEncoding = 4; lastKnownFileType = sourcecode.swift; path = SimpleApiClient.swift; sourceTree = "<group>"; };
		B4C185EA282E6A4300787006 /* Publisher+Extensions.swift */ = {isa = PBXFileReference; fileEncoding = 4; lastKnownFileType = sourcecode.swift; path = "Publisher+Extensions.swift"; sourceTree = "<group>"; };
		B4C185EB282E6A4300787006 /* SingleCombine.swift */ = {isa = PBXFileReference; fileEncoding = 4; lastKnownFileType = sourcecode.swift; path = SingleCombine.swift; sourceTree = "<group>"; };
		B4C185EC282E6A4300787006 /* CompletableCombine.swift */ = {isa = PBXFileReference; fileEncoding = 4; lastKnownFileType = sourcecode.swift; path = CompletableCombine.swift; sourceTree = "<group>"; };
		B4D4773028215428001616C4 /* TvShows.app */ = {isa = PBXFileReference; explicitFileType = wrapper.application; includeInIndex = 0; path = TvShows.app; sourceTree = BUILT_PRODUCTS_DIR; };
		B4D4773328215428001616C4 /* AppDelegate.swift */ = {isa = PBXFileReference; lastKnownFileType = sourcecode.swift; path = AppDelegate.swift; sourceTree = "<group>"; };
		B4D4773C2821542A001616C4 /* Assets.xcassets */ = {isa = PBXFileReference; lastKnownFileType = folder.assetcatalog; path = Assets.xcassets; sourceTree = "<group>"; };
		B4D4773F2821542A001616C4 /* Base */ = {isa = PBXFileReference; lastKnownFileType = file.storyboard; name = Base; path = Base.lproj/LaunchScreen.storyboard; sourceTree = "<group>"; };
		B4D477412821542A001616C4 /* Info.plist */ = {isa = PBXFileReference; lastKnownFileType = text.plist.xml; path = Info.plist; sourceTree = "<group>"; };
		B4FD09E1282AB21800E7E2AA /* Progressable.swift */ = {isa = PBXFileReference; fileEncoding = 4; lastKnownFileType = sourcecode.swift; path = Progressable.swift; sourceTree = "<group>"; };
		B4FD09EF282AB50D00E7E2AA /* BaseWireframe+Progressable.swift */ = {isa = PBXFileReference; lastKnownFileType = sourcecode.swift; path = "BaseWireframe+Progressable.swift"; sourceTree = "<group>"; };
		B4FD09F5282ABE0900E7E2AA /* Single+Progressable.swift */ = {isa = PBXFileReference; fileEncoding = 4; lastKnownFileType = sourcecode.swift; path = "Single+Progressable.swift"; sourceTree = "<group>"; };
/* End PBXFileReference section */

/* Begin PBXFrameworksBuildPhase section */
		B4D4772D28215428001616C4 /* Frameworks */ = {
			isa = PBXFrameworksBuildPhase;
			buildActionMask = 2147483647;
			files = (
				B4C185C5282BF6A900787006 /* Kingfisher in Frameworks */,
				B40C5A5828226B850061E512 /* RxSwift in Frameworks */,
				B40C5A5628226B850061E512 /* RxRelay in Frameworks */,
				B40C5A5428226B850061E512 /* RxCocoa in Frameworks */,
			);
			runOnlyForDeploymentPostprocessing = 0;
		};
/* End PBXFrameworksBuildPhase section */

/* Begin PBXGroup section */
		B40C5A4728226A080061E512 /* Login */ = {
			isa = PBXGroup;
			children = (
				B40C5A4828226A660061E512 /* LoginInterfaces.swift */,
				B40C5A4928226A660061E512 /* LoginPresenter.swift */,
				B40C5A4A28226A660061E512 /* LoginViewController.swift */,
				B40C5A4B28226A660061E512 /* LoginInteractor.swift */,
				B40C5A4C28226A660061E512 /* LoginWireframe.swift */,
			);
			path = Login;
			sourceTree = "<group>";
		};
		B40C5A79282296520061E512 /* Bundles */ = {
			isa = PBXGroup;
			children = (
				B40C5A7A2822965A0061E512 /* BundleImage.swift */,
			);
			path = Bundles;
			sourceTree = "<group>";
		};
		B40C5A8F2822D0450061E512 /* Login */ = {
			isa = PBXGroup;
			children = (
				B40C5A6328228DF00061E512 /* LoginView.swift */,
			);
			path = Login;
			sourceTree = "<group>";
		};
		B40C5A902822D0550061E512 /* TextFields */ = {
			isa = PBXGroup;
			children = (
				B40C5A8D2822CFA60061E512 /* InsetedTextField.swift */,
			);
			path = TextFields;
			sourceTree = "<group>";
		};
		B4562BB82823BA5C00BDD33E /* Buttons */ = {
			isa = PBXGroup;
			children = (
				B4562BB92823BA9300BDD33E /* BaseButton.swift */,
			);
			path = Buttons;
			sourceTree = "<group>";
		};
		B4638BF82832580E003D00C0 /* Interceptors */ = {
			isa = PBXGroup;
			children = (
				B4638BF92832585E003D00C0 /* AuthInterceptor.swift */,
				B4638BFB283259B3003D00C0 /* RequestInterceptorProtocol.swift */,
			);
			path = Interceptors;
			sourceTree = "<group>";
		};
		B4AF9E162825203F0042BA4F /* Models */ = {
			isa = PBXGroup;
			children = (
				B4C185BE282BF4F900787006 /* ShowModel.swift */,
				B4AF9E17282520520042BA4F /* MemberModel.swift */,
			);
			path = Models;
			sourceTree = "<group>";
		};
		B4AF9E1E282521920042BA4F /* Models */ = {
			isa = PBXGroup;
			children = (
				B4AF9E212825219D0042BA4F /* ApiError.swift */,
				B4AF9E1F2825219D0042BA4F /* HttpMethod.swift */,
				B4AF9E202825219D0042BA4F /* HttpStatusCode.swift */,
			);
			path = Models;
			sourceTree = "<group>";
		};
		B4AF9EB82825254B0042BA4F /* Services */ = {
			isa = PBXGroup;
			children = (
				B4AF9EB9282525590042BA4F /* UserService.swift */,
				B4C185D2282E67AA00787006 /* ShowService.swift */,
			);
			path = Services;
			sourceTree = "<group>";
		};
		B4AF9EBB28252DC90042BA4F /* NetworkConstants */ = {
			isa = PBXGroup;
			children = (
			);
			path = NetworkConstants;
			sourceTree = "<group>";
		};
		B4AF9EC028254BAF0042BA4F /* TransientView */ = {
			isa = PBXGroup;
			children = (
				B4AF9EC328254BC10042BA4F /* SpinnerView.swift */,
				B4AF9EC128254BC10042BA4F /* TransientView.swift */,
			);
			path = TransientView;
			sourceTree = "<group>";
		};
		B4C185BA282BEF1200787006 /* Shows */ = {
			isa = PBXGroup;
			children = (
				B4C185CF282E514300787006 /* ViewModels */,
				B4C185CD282E50CF00787006 /* ShowsView.swift */,
			);
			path = Shows;
			sourceTree = "<group>";
		};
		B4C185BB282BF09C00787006 /* Shows */ = {
			isa = PBXGroup;
			children = (
				B4C185BC282BF13100787006 /* ShowCard.swift */,
				B4C185CB282C05FF00787006 /* ShowList.swift */,
			);
			path = Shows;
			sourceTree = "<group>";
		};
		B4C185C6282BF73E00787006 /* SwiftUI */ = {
			isa = PBXGroup;
			children = (
				B4C185C7282BF75900787006 /* ImageView.swift */,
			);
			path = SwiftUI;
			sourceTree = "<group>";
		};
		B4C185CF282E514300787006 /* ViewModels */ = {
			isa = PBXGroup;
			children = (
				B4C185D0282E516100787006 /* ShowsViewModel.swift */,
			);
			path = ViewModels;
			sourceTree = "<group>";
		};
		B4C185E1282E691800787006 /* RxSwift */ = {
			isa = PBXGroup;
			children = (
				B4AF9E192825216C0042BA4F /* ApiClientProtocol.swift */,
				B4AF9E1A2825216C0042BA4F /* BaseApiClient.swift */,
			);
			path = RxSwift;
			sourceTree = "<group>";
		};
		B4C185E2282E692200787006 /* Combine */ = {
			isa = PBXGroup;
			children = (
				B4C185E7282E695100787006 /* SimpleApiClient.swift */,
				B4C185E3282E692E00787006 /* ApiClientProtocolCombine.swift */,
				B4C185E4282E692E00787006 /* BaseApiClientCombine.swift */,
			);
			path = Combine;
			sourceTree = "<group>";
		};
		B4C185E9282E6A3500787006 /* Combine */ = {
			isa = PBXGroup;
			children = (
				B4C185EC282E6A4300787006 /* CompletableCombine.swift */,
				B4C185EA282E6A4300787006 /* Publisher+Extensions.swift */,
				B4C185EB282E6A4300787006 /* SingleCombine.swift */,
			);
			path = Combine;
			sourceTree = "<group>";
		};
		B4D01B4528216F1F00A2B6C2 /* Application */ = {
			isa = PBXGroup;
			children = (
				B4D4773328215428001616C4 /* AppDelegate.swift */,
				B4AF9EBC28252DDF0042BA4F /* Constants.swift */,
			);
			path = Application;
			sourceTree = "<group>";
		};
		B4D01B4628216F2600A2B6C2 /* Common */ = {
			isa = PBXGroup;
			children = (
				B40C5A79282296520061E512 /* Bundles */,
				B4AF9E162825203F0042BA4F /* Models */,
				B4D01B4B282170D300A2B6C2 /* Network */,
				B4FD09E6282AB28300E7E2AA /* RxSwift */,
				B4C185E9282E6A3500787006 /* Combine */,
				B4AF9EB82825254B0042BA4F /* Services */,
				B4FD09EB282AB4FB00E7E2AA /* UI */,
				B4D01B4E282170EB00A2B6C2 /* VIPER */,
			);
			path = Common;
			sourceTree = "<group>";
		};
		B4D01B4728216F2C00A2B6C2 /* Modules */ = {
			isa = PBXGroup;
			children = (
				B4C185BA282BEF1200787006 /* Shows */,
				B40C5A4728226A080061E512 /* Login */,
			);
			path = Modules;
			sourceTree = "<group>";
		};
		B4D01B492821707A00A2B6C2 /* Resources */ = {
			isa = PBXGroup;
			children = (
				B4D4773C2821542A001616C4 /* Assets.xcassets */,
			);
			path = Resources;
			sourceTree = "<group>";
		};
		B4D01B4A2821708800A2B6C2 /* Supporting Files */ = {
			isa = PBXGroup;
			children = (
				B4D477412821542A001616C4 /* Info.plist */,
				B4D4773E2821542A001616C4 /* LaunchScreen.storyboard */,
			);
			path = "Supporting Files";
			sourceTree = "<group>";
		};
		B4D01B4B282170D300A2B6C2 /* Network */ = {
			isa = PBXGroup;
			children = (
				B4638BF82832580E003D00C0 /* Interceptors */,
				B4AF9EBB28252DC90042BA4F /* NetworkConstants */,
				B4AF9E1E282521920042BA4F /* Models */,
				B4C185E1282E691800787006 /* RxSwift */,
				B4C185E2282E692200787006 /* Combine */,
			);
			path = Network;
			sourceTree = "<group>";
		};
		B4D01B4C282170D800A2B6C2 /* Extensions */ = {
			isa = PBXGroup;
			children = (
				B40C5A912822DB570061E512 /* UIColor+Extensions.swift */,
				B40C5A892822CA9F0061E512 /* UIStackView+Extensions.swift */,
				B40C5A7C28229ACD0061E512 /* UIEdgeInsets+Extensions.swift */,
				B40C5A65282291FB0061E512 /* UIView+Constraints.swift */,
				B40C5A66282291FB0061E512 /* UIView+Corners.swift */,
				B40C5A77282296470061E512 /* UIImage+Extensions.swift */,
				B4C185C9282BF89100787006 /* Image+Extension.swift */,
			);
			path = Extensions;
			sourceTree = "<group>";
		};
		B4D01B4D282170E100A2B6C2 /* Views */ = {
			isa = PBXGroup;
			children = (
				B40C5A69282294870061E512 /* CustomView.swift */,
				B40C5A8B2822CB540061E512 /* DividerView.swift */,
				B4C185C6282BF73E00787006 /* SwiftUI */,
				B4562BB82823BA5C00BDD33E /* Buttons */,
				B40C5A902822D0550061E512 /* TextFields */,
				B4AF9EC028254BAF0042BA4F /* TransientView */,
				B40C5A8F2822D0450061E512 /* Login */,
				B4C185BB282BF09C00787006 /* Shows */,
			);
			path = Views;
			sourceTree = "<group>";
		};
		B4D01B4E282170EB00A2B6C2 /* VIPER */ = {
			isa = PBXGroup;
			children = (
				B40C5A5928226C7A0061E512 /* BaseWireframe.swift */,
				B40C5A5B28226CDA0061E512 /* ViewInterface.swift */,
				B40C5A5D28226D200061E512 /* PresenterInterface.swift */,
				B40C5A5F28226D2C0061E512 /* InteractorInterface.swift */,
				B4FD09E1282AB21800E7E2AA /* Progressable.swift */,
			);
			path = VIPER;
			sourceTree = "<group>";
		};
		B4D4772728215428001616C4 = {
			isa = PBXGroup;
			children = (
				B4D4773228215428001616C4 /* TvShows */,
				B4D4773128215428001616C4 /* Products */,
			);
			sourceTree = "<group>";
		};
		B4D4773128215428001616C4 /* Products */ = {
			isa = PBXGroup;
			children = (
				B4D4773028215428001616C4 /* TvShows.app */,
			);
			name = Products;
			sourceTree = "<group>";
		};
		B4D4773228215428001616C4 /* TvShows */ = {
			isa = PBXGroup;
			children = (
				B4D01B4528216F1F00A2B6C2 /* Application */,
				B4D01B4628216F2600A2B6C2 /* Common */,
				B4D01B4728216F2C00A2B6C2 /* Modules */,
				B4D01B492821707A00A2B6C2 /* Resources */,
				B4D01B4A2821708800A2B6C2 /* Supporting Files */,
			);
			path = TvShows;
			sourceTree = "<group>";
		};
		B4FD09E6282AB28300E7E2AA /* RxSwift */ = {
			isa = PBXGroup;
			children = (
				B4FD09F5282ABE0900E7E2AA /* Single+Progressable.swift */,
			);
			path = RxSwift;
			sourceTree = "<group>";
		};
		B4FD09EB282AB4FB00E7E2AA /* UI */ = {
			isa = PBXGroup;
			children = (
				B4D01B4C282170D800A2B6C2 /* Extensions */,
				B4FD09F2282AB51700E7E2AA /* Progressable */,
				B4D01B4D282170E100A2B6C2 /* Views */,
			);
			path = UI;
			sourceTree = "<group>";
		};
		B4FD09F2282AB51700E7E2AA /* Progressable */ = {
			isa = PBXGroup;
			children = (
				B4FD09EF282AB50D00E7E2AA /* BaseWireframe+Progressable.swift */,
			);
			path = Progressable;
			sourceTree = "<group>";
		};
/* End PBXGroup section */

/* Begin PBXNativeTarget section */
		B4D4772F28215428001616C4 /* TvShows */ = {
			isa = PBXNativeTarget;
			buildConfigurationList = B4D477442821542A001616C4 /* Build configuration list for PBXNativeTarget "TvShows" */;
			buildPhases = (
				B4D4772C28215428001616C4 /* Sources */,
				B4D4772D28215428001616C4 /* Frameworks */,
				B4D4772E28215428001616C4 /* Resources */,
				B4D47753282161E3001616C4 /* Swiftlint */,
			);
			buildRules = (
			);
			dependencies = (
			);
			name = TvShows;
			packageProductDependencies = (
				B40C5A5328226B850061E512 /* RxCocoa */,
				B40C5A5528226B850061E512 /* RxRelay */,
				B40C5A5728226B850061E512 /* RxSwift */,
				B4C185C4282BF6A900787006 /* Kingfisher */,
			);
			productName = TvShows;
			productReference = B4D4773028215428001616C4 /* TvShows.app */;
			productType = "com.apple.product-type.application";
		};
/* End PBXNativeTarget section */

/* Begin PBXProject section */
		B4D4772828215428001616C4 /* Project object */ = {
			isa = PBXProject;
			attributes = {
				BuildIndependentTargetsInParallel = 1;
				LastSwiftUpdateCheck = 1330;
				LastUpgradeCheck = 1330;
				TargetAttributes = {
					B4D4772F28215428001616C4 = {
						CreatedOnToolsVersion = 13.3.1;
					};
				};
			};
			buildConfigurationList = B4D4772B28215428001616C4 /* Build configuration list for PBXProject "TvShows" */;
			compatibilityVersion = "Xcode 13.0";
			developmentRegion = en;
			hasScannedForEncodings = 0;
			knownRegions = (
				en,
				Base,
			);
			mainGroup = B4D4772728215428001616C4;
			packageReferences = (
				B40C5A5228226B850061E512 /* XCRemoteSwiftPackageReference "RxSwift" */,
				B4C185C3282BF6A900787006 /* XCRemoteSwiftPackageReference "Kingfisher" */,
			);
			productRefGroup = B4D4773128215428001616C4 /* Products */;
			projectDirPath = "";
			projectRoot = "";
			targets = (
				B4D4772F28215428001616C4 /* TvShows */,
			);
		};
/* End PBXProject section */

/* Begin PBXResourcesBuildPhase section */
		B4D4772E28215428001616C4 /* Resources */ = {
			isa = PBXResourcesBuildPhase;
			buildActionMask = 2147483647;
			files = (
				B4D477402821542A001616C4 /* LaunchScreen.storyboard in Resources */,
				B4D4773D2821542A001616C4 /* Assets.xcassets in Resources */,
			);
			runOnlyForDeploymentPostprocessing = 0;
		};
/* End PBXResourcesBuildPhase section */

/* Begin PBXShellScriptBuildPhase section */
		B4D47753282161E3001616C4 /* Swiftlint */ = {
			isa = PBXShellScriptBuildPhase;
			buildActionMask = 2147483647;
			files = (
			);
			inputFileListPaths = (
			);
			inputPaths = (
			);
			name = Swiftlint;
			outputFileListPaths = (
			);
			outputPaths = (
			);
			runOnlyForDeploymentPostprocessing = 0;
			shellPath = /bin/sh;
			shellScript = "if which swiftlint >/dev/null; then\n  swiftlint\nelse\n  echo \"warning: SwiftLint not installed, download from https://github.com/realm/SwiftLint\"\nfi\n";
		};
/* End PBXShellScriptBuildPhase section */

/* Begin PBXSourcesBuildPhase section */
		B4D4772C28215428001616C4 /* Sources */ = {
			isa = PBXSourcesBuildPhase;
			buildActionMask = 2147483647;
			files = (
				B40C5A4F28226A660061E512 /* LoginViewController.swift in Sources */,
				B4AF9EC428254BC10042BA4F /* TransientView.swift in Sources */,
				B40C5A4E28226A660061E512 /* LoginPresenter.swift in Sources */,
				B4AF9E222825219D0042BA4F /* HttpMethod.swift in Sources */,
				B4FD09F6282ABE0900E7E2AA /* Single+Progressable.swift in Sources */,
				B40C5A5C28226CDA0061E512 /* ViewInterface.swift in Sources */,
				B40C5A6A282294870061E512 /* CustomView.swift in Sources */,
				B40C5A922822DB570061E512 /* UIColor+Extensions.swift in Sources */,
				B4C185BF282BF4F900787006 /* ShowModel.swift in Sources */,
				B4AF9EC628254BC10042BA4F /* SpinnerView.swift in Sources */,
				B40C5A67282291FB0061E512 /* UIView+Constraints.swift in Sources */,
				B4C185CC282C05FF00787006 /* ShowList.swift in Sources */,
				B4C185D1282E516100787006 /* ShowsViewModel.swift in Sources */,
				B4AF9E232825219D0042BA4F /* HttpStatusCode.swift in Sources */,
				B4C185E6282E692E00787006 /* BaseApiClientCombine.swift in Sources */,
				B4C185CE282E50CF00787006 /* ShowsView.swift in Sources */,
				B40C5A5128226A660061E512 /* LoginWireframe.swift in Sources */,
				B4638BFA2832585E003D00C0 /* AuthInterceptor.swift in Sources */,
				B4D4773428215428001616C4 /* AppDelegate.swift in Sources */,
				B4C185EE282E6A4300787006 /* SingleCombine.swift in Sources */,
				B40C5A5A28226C7A0061E512 /* BaseWireframe.swift in Sources */,
				B40C5A6428228DF00061E512 /* LoginView.swift in Sources */,
				B4AF9EBD28252DDF0042BA4F /* Constants.swift in Sources */,
				B40C5A8A2822CA9F0061E512 /* UIStackView+Extensions.swift in Sources */,
				B40C5A8E2822CFA60061E512 /* InsetedTextField.swift in Sources */,
				B4FD09E2282AB21800E7E2AA /* Progressable.swift in Sources */,
				B40C5A8C2822CB540061E512 /* DividerView.swift in Sources */,
				B4AF9E1B2825216C0042BA4F /* ApiClientProtocol.swift in Sources */,
				B4AF9EBA282525590042BA4F /* UserService.swift in Sources */,
				B40C5A7B2822965A0061E512 /* BundleImage.swift in Sources */,
				B4C185EF282E6A4300787006 /* CompletableCombine.swift in Sources */,
				B4AF9E18282520520042BA4F /* MemberModel.swift in Sources */,
				B4C185E8282E695200787006 /* SimpleApiClient.swift in Sources */,
				B40C5A68282291FB0061E512 /* UIView+Corners.swift in Sources */,
				B40C5A6028226D2C0061E512 /* InteractorInterface.swift in Sources */,
				B4562BBA2823BA9300BDD33E /* BaseButton.swift in Sources */,
				B4AF9E242825219D0042BA4F /* ApiError.swift in Sources */,
				B4C185C8282BF75A00787006 /* ImageView.swift in Sources */,
				B40C5A7D28229ACD0061E512 /* UIEdgeInsets+Extensions.swift in Sources */,
				B4AF9E1C2825216C0042BA4F /* BaseApiClient.swift in Sources */,
				B40C5A5028226A660061E512 /* LoginInteractor.swift in Sources */,
				B4C185E5282E692E00787006 /* ApiClientProtocolCombine.swift in Sources */,
				B40C5A78282296470061E512 /* UIImage+Extensions.swift in Sources */,
				B4C185CA282BF89100787006 /* Image+Extension.swift in Sources */,
				B4C185BD282BF13100787006 /* ShowCard.swift in Sources */,
				B40C5A4D28226A660061E512 /* LoginInterfaces.swift in Sources */,
				B40C5A5E28226D200061E512 /* PresenterInterface.swift in Sources */,
				B4638BFC283259B3003D00C0 /* RequestInterceptorProtocol.swift in Sources */,
				B4C185D3282E67AA00787006 /* ShowService.swift in Sources */,
				B4C185ED282E6A4300787006 /* Publisher+Extensions.swift in Sources */,
				B4FD09F0282AB50D00E7E2AA /* BaseWireframe+Progressable.swift in Sources */,
			);
			runOnlyForDeploymentPostprocessing = 0;
		};
/* End PBXSourcesBuildPhase section */

/* Begin PBXVariantGroup section */
		B4D4773E2821542A001616C4 /* LaunchScreen.storyboard */ = {
			isa = PBXVariantGroup;
			children = (
				B4D4773F2821542A001616C4 /* Base */,
			);
			name = LaunchScreen.storyboard;
			sourceTree = "<group>";
		};
/* End PBXVariantGroup section */

/* Begin XCBuildConfiguration section */
		B4D477422821542A001616C4 /* Debug */ = {
			isa = XCBuildConfiguration;
			buildSettings = {
				ALWAYS_SEARCH_USER_PATHS = NO;
				CLANG_ANALYZER_NONNULL = YES;
				CLANG_ANALYZER_NUMBER_OBJECT_CONVERSION = YES_AGGRESSIVE;
				CLANG_CXX_LANGUAGE_STANDARD = "gnu++17";
				CLANG_ENABLE_MODULES = YES;
				CLANG_ENABLE_OBJC_ARC = YES;
				CLANG_ENABLE_OBJC_WEAK = YES;
				CLANG_WARN_BLOCK_CAPTURE_AUTORELEASING = YES;
				CLANG_WARN_BOOL_CONVERSION = YES;
				CLANG_WARN_COMMA = YES;
				CLANG_WARN_CONSTANT_CONVERSION = YES;
				CLANG_WARN_DEPRECATED_OBJC_IMPLEMENTATIONS = YES;
				CLANG_WARN_DIRECT_OBJC_ISA_USAGE = YES_ERROR;
				CLANG_WARN_DOCUMENTATION_COMMENTS = YES;
				CLANG_WARN_EMPTY_BODY = YES;
				CLANG_WARN_ENUM_CONVERSION = YES;
				CLANG_WARN_INFINITE_RECURSION = YES;
				CLANG_WARN_INT_CONVERSION = YES;
				CLANG_WARN_NON_LITERAL_NULL_CONVERSION = YES;
				CLANG_WARN_OBJC_IMPLICIT_RETAIN_SELF = YES;
				CLANG_WARN_OBJC_LITERAL_CONVERSION = YES;
				CLANG_WARN_OBJC_ROOT_CLASS = YES_ERROR;
				CLANG_WARN_QUOTED_INCLUDE_IN_FRAMEWORK_HEADER = YES;
				CLANG_WARN_RANGE_LOOP_ANALYSIS = YES;
				CLANG_WARN_STRICT_PROTOTYPES = YES;
				CLANG_WARN_SUSPICIOUS_MOVE = YES;
				CLANG_WARN_UNGUARDED_AVAILABILITY = YES_AGGRESSIVE;
				CLANG_WARN_UNREACHABLE_CODE = YES;
				CLANG_WARN__DUPLICATE_METHOD_MATCH = YES;
				COPY_PHASE_STRIP = NO;
				DEBUG_INFORMATION_FORMAT = dwarf;
				ENABLE_STRICT_OBJC_MSGSEND = YES;
				ENABLE_TESTABILITY = YES;
				GCC_C_LANGUAGE_STANDARD = gnu11;
				GCC_DYNAMIC_NO_PIC = NO;
				GCC_NO_COMMON_BLOCKS = YES;
				GCC_OPTIMIZATION_LEVEL = 0;
				GCC_PREPROCESSOR_DEFINITIONS = (
					"DEBUG=1",
					"$(inherited)",
				);
				GCC_WARN_64_TO_32_BIT_CONVERSION = YES;
				GCC_WARN_ABOUT_RETURN_TYPE = YES_ERROR;
				GCC_WARN_UNDECLARED_SELECTOR = YES;
				GCC_WARN_UNINITIALIZED_AUTOS = YES_AGGRESSIVE;
				GCC_WARN_UNUSED_FUNCTION = YES;
				GCC_WARN_UNUSED_VARIABLE = YES;
				IPHONEOS_DEPLOYMENT_TARGET = 14.0;
				MTL_ENABLE_DEBUG_INFO = INCLUDE_SOURCE;
				MTL_FAST_MATH = YES;
				ONLY_ACTIVE_ARCH = YES;
				SDKROOT = iphoneos;
				SWIFT_ACTIVE_COMPILATION_CONDITIONS = DEBUG;
				SWIFT_OPTIMIZATION_LEVEL = "-Onone";
			};
			name = Debug;
		};
		B4D477432821542A001616C4 /* Release */ = {
			isa = XCBuildConfiguration;
			buildSettings = {
				ALWAYS_SEARCH_USER_PATHS = NO;
				CLANG_ANALYZER_NONNULL = YES;
				CLANG_ANALYZER_NUMBER_OBJECT_CONVERSION = YES_AGGRESSIVE;
				CLANG_CXX_LANGUAGE_STANDARD = "gnu++17";
				CLANG_ENABLE_MODULES = YES;
				CLANG_ENABLE_OBJC_ARC = YES;
				CLANG_ENABLE_OBJC_WEAK = YES;
				CLANG_WARN_BLOCK_CAPTURE_AUTORELEASING = YES;
				CLANG_WARN_BOOL_CONVERSION = YES;
				CLANG_WARN_COMMA = YES;
				CLANG_WARN_CONSTANT_CONVERSION = YES;
				CLANG_WARN_DEPRECATED_OBJC_IMPLEMENTATIONS = YES;
				CLANG_WARN_DIRECT_OBJC_ISA_USAGE = YES_ERROR;
				CLANG_WARN_DOCUMENTATION_COMMENTS = YES;
				CLANG_WARN_EMPTY_BODY = YES;
				CLANG_WARN_ENUM_CONVERSION = YES;
				CLANG_WARN_INFINITE_RECURSION = YES;
				CLANG_WARN_INT_CONVERSION = YES;
				CLANG_WARN_NON_LITERAL_NULL_CONVERSION = YES;
				CLANG_WARN_OBJC_IMPLICIT_RETAIN_SELF = YES;
				CLANG_WARN_OBJC_LITERAL_CONVERSION = YES;
				CLANG_WARN_OBJC_ROOT_CLASS = YES_ERROR;
				CLANG_WARN_QUOTED_INCLUDE_IN_FRAMEWORK_HEADER = YES;
				CLANG_WARN_RANGE_LOOP_ANALYSIS = YES;
				CLANG_WARN_STRICT_PROTOTYPES = YES;
				CLANG_WARN_SUSPICIOUS_MOVE = YES;
				CLANG_WARN_UNGUARDED_AVAILABILITY = YES_AGGRESSIVE;
				CLANG_WARN_UNREACHABLE_CODE = YES;
				CLANG_WARN__DUPLICATE_METHOD_MATCH = YES;
				COPY_PHASE_STRIP = NO;
				DEBUG_INFORMATION_FORMAT = "dwarf-with-dsym";
				ENABLE_NS_ASSERTIONS = NO;
				ENABLE_STRICT_OBJC_MSGSEND = YES;
				GCC_C_LANGUAGE_STANDARD = gnu11;
				GCC_NO_COMMON_BLOCKS = YES;
				GCC_WARN_64_TO_32_BIT_CONVERSION = YES;
				GCC_WARN_ABOUT_RETURN_TYPE = YES_ERROR;
				GCC_WARN_UNDECLARED_SELECTOR = YES;
				GCC_WARN_UNINITIALIZED_AUTOS = YES_AGGRESSIVE;
				GCC_WARN_UNUSED_FUNCTION = YES;
				GCC_WARN_UNUSED_VARIABLE = YES;
				IPHONEOS_DEPLOYMENT_TARGET = 14.0;
				MTL_ENABLE_DEBUG_INFO = NO;
				MTL_FAST_MATH = YES;
				SDKROOT = iphoneos;
				SWIFT_COMPILATION_MODE = wholemodule;
				SWIFT_OPTIMIZATION_LEVEL = "-O";
				VALIDATE_PRODUCT = YES;
			};
			name = Release;
		};
		B4D477452821542A001616C4 /* Debug */ = {
			isa = XCBuildConfiguration;
			buildSettings = {
				ASSETCATALOG_COMPILER_APPICON_NAME = AppIcon;
				ASSETCATALOG_COMPILER_GLOBAL_ACCENT_COLOR_NAME = AccentColor;
				CODE_SIGN_STYLE = Automatic;
				CURRENT_PROJECT_VERSION = 1;
				DEVELOPMENT_TEAM = 3K2KE4S24U;
				GENERATE_INFOPLIST_FILE = YES;
				INFOPLIST_FILE = "TvShows/Supporting Files/Info.plist";
				INFOPLIST_KEY_UIApplicationSupportsIndirectInputEvents = YES;
				INFOPLIST_KEY_UILaunchStoryboardName = LaunchScreen;
				INFOPLIST_KEY_UISupportedInterfaceOrientations_iPad = "UIInterfaceOrientationPortrait UIInterfaceOrientationPortraitUpsideDown UIInterfaceOrientationLandscapeLeft UIInterfaceOrientationLandscapeRight";
				INFOPLIST_KEY_UISupportedInterfaceOrientations_iPhone = "UIInterfaceOrientationPortrait UIInterfaceOrientationLandscapeLeft UIInterfaceOrientationLandscapeRight";
				IPHONEOS_DEPLOYMENT_TARGET = 14.0;
				LD_RUNPATH_SEARCH_PATHS = (
					"$(inherited)",
					"@executable_path/Frameworks",
				);
				MARKETING_VERSION = 1.0;
				PRODUCT_BUNDLE_IDENTIFIER = sebalj.alen.TvShows;
				PRODUCT_NAME = "$(TARGET_NAME)";
				SWIFT_EMIT_LOC_STRINGS = YES;
				SWIFT_VERSION = 5.0;
				TARGETED_DEVICE_FAMILY = "1,2";
			};
			name = Debug;
		};
		B4D477462821542A001616C4 /* Release */ = {
			isa = XCBuildConfiguration;
			buildSettings = {
				ASSETCATALOG_COMPILER_APPICON_NAME = AppIcon;
				ASSETCATALOG_COMPILER_GLOBAL_ACCENT_COLOR_NAME = AccentColor;
				CODE_SIGN_STYLE = Automatic;
				CURRENT_PROJECT_VERSION = 1;
				DEVELOPMENT_TEAM = 3K2KE4S24U;
				GENERATE_INFOPLIST_FILE = YES;
				INFOPLIST_FILE = "TvShows/Supporting Files/Info.plist";
				INFOPLIST_KEY_UIApplicationSupportsIndirectInputEvents = YES;
				INFOPLIST_KEY_UILaunchStoryboardName = LaunchScreen;
				INFOPLIST_KEY_UISupportedInterfaceOrientations_iPad = "UIInterfaceOrientationPortrait UIInterfaceOrientationPortraitUpsideDown UIInterfaceOrientationLandscapeLeft UIInterfaceOrientationLandscapeRight";
				INFOPLIST_KEY_UISupportedInterfaceOrientations_iPhone = "UIInterfaceOrientationPortrait UIInterfaceOrientationLandscapeLeft UIInterfaceOrientationLandscapeRight";
				IPHONEOS_DEPLOYMENT_TARGET = 14.0;
				LD_RUNPATH_SEARCH_PATHS = (
					"$(inherited)",
					"@executable_path/Frameworks",
				);
				MARKETING_VERSION = 1.0;
				PRODUCT_BUNDLE_IDENTIFIER = sebalj.alen.TvShows;
				PRODUCT_NAME = "$(TARGET_NAME)";
				SWIFT_EMIT_LOC_STRINGS = YES;
				SWIFT_VERSION = 5.0;
				TARGETED_DEVICE_FAMILY = "1,2";
			};
			name = Release;
		};
/* End XCBuildConfiguration section */

/* Begin XCConfigurationList section */
		B4D4772B28215428001616C4 /* Build configuration list for PBXProject "TvShows" */ = {
			isa = XCConfigurationList;
			buildConfigurations = (
				B4D477422821542A001616C4 /* Debug */,
				B4D477432821542A001616C4 /* Release */,
			);
			defaultConfigurationIsVisible = 0;
			defaultConfigurationName = Release;
		};
		B4D477442821542A001616C4 /* Build configuration list for PBXNativeTarget "TvShows" */ = {
			isa = XCConfigurationList;
			buildConfigurations = (
				B4D477452821542A001616C4 /* Debug */,
				B4D477462821542A001616C4 /* Release */,
			);
			defaultConfigurationIsVisible = 0;
			defaultConfigurationName = Release;
		};
/* End XCConfigurationList section */

/* Begin XCRemoteSwiftPackageReference section */
		B40C5A5228226B850061E512 /* XCRemoteSwiftPackageReference "RxSwift" */ = {
			isa = XCRemoteSwiftPackageReference;
			repositoryURL = "https://github.com/ReactiveX/RxSwift.git";
			requirement = {
				kind = upToNextMajorVersion;
				minimumVersion = 6.0.0;
			};
		};
		B4C185C3282BF6A900787006 /* XCRemoteSwiftPackageReference "Kingfisher" */ = {
			isa = XCRemoteSwiftPackageReference;
			repositoryURL = "https://github.com/onevcat/Kingfisher.git";
			requirement = {
				kind = upToNextMajorVersion;
				minimumVersion = 7.0.0;
			};
		};
/* End XCRemoteSwiftPackageReference section */

/* Begin XCSwiftPackageProductDependency section */
		B40C5A5328226B850061E512 /* RxCocoa */ = {
			isa = XCSwiftPackageProductDependency;
			package = B40C5A5228226B850061E512 /* XCRemoteSwiftPackageReference "RxSwift" */;
			productName = RxCocoa;
		};
		B40C5A5528226B850061E512 /* RxRelay */ = {
			isa = XCSwiftPackageProductDependency;
			package = B40C5A5228226B850061E512 /* XCRemoteSwiftPackageReference "RxSwift" */;
			productName = RxRelay;
		};
		B40C5A5728226B850061E512 /* RxSwift */ = {
			isa = XCSwiftPackageProductDependency;
			package = B40C5A5228226B850061E512 /* XCRemoteSwiftPackageReference "RxSwift" */;
			productName = RxSwift;
		};
		B4C185C4282BF6A900787006 /* Kingfisher */ = {
			isa = XCSwiftPackageProductDependency;
			package = B4C185C3282BF6A900787006 /* XCRemoteSwiftPackageReference "Kingfisher" */;
			productName = Kingfisher;
		};
/* End XCSwiftPackageProductDependency section */
	};
	rootObject = B4D4772828215428001616C4 /* Project object */;
}
